
Microsoft Visual Studio Solution File, Format Version 12.00
# Visual Studio Version 16
VisualStudioVersion = 16.0.29728.190
MinimumVisualStudioVersion = 10.0.40219.1
Project("{FAE04EC0-301F-11D3-BF4B-00C04F79EFBC}") = "sssssssss", "sssssssss\sssssssss.csproj", "{ED31734A-BF2B-4D1D-BE03-79F60F41A7DD}"
EndProject
Global
	GlobalSection(SolutionConfigurationPlatforms) = preSolution
		Debug|Any CPU = Debug|Any CPU
		Release|Any CPU = Release|Any CPU
	EndGlobalSection
	GlobalSection(ProjectConfigurationPlatforms) = postSolution
		{ED31734A-BF2B-4D1D-BE03-79F60F41A7DD}.Debug|Any CPU.ActiveCfg = Debug|Any CPU
		{ED31734A-BF2B-4D1D-BE03-79F60F41A7DD}.Debug|Any CPU.Build.0 = Debug|Any CPU
		{ED31734A-BF2B-4D1D-BE03-79F60F41A7DD}.Release|Any CPU.ActiveCfg = Release|Any CPU
		{ED31734A-BF2B-4D1D-BE03-79F60F41A7DD}.Release|Any CPU.Build.0 = Release|Any CPU
	EndGlobalSection
	GlobalSection(SolutionProperties) = preSolution
		HideSolutionNode = FALSE
	EndGlobalSection
	GlobalSection(ExtensibilityGlobals) = postSolution
		SolutionGuid = {B1AAE904-B6BC-41FA-8758-852CD380277C}
	EndGlobalSection
EndGlobal
